
Microsoft Visual Studio Solution File, Format Version 12.00
Project("{FAE04EC0-301F-11D3-BF4B-00C04F79EFBC}") = "LambdaSQL", "LambdaSQL\LambdaSQL.csproj", "{AEE91279-9301-4E95-AD3B-23E2B530B747}"
EndProject
Project("{FAE04EC0-301F-11D3-BF4B-00C04F79EFBC}") = "LambdaSQL.Core", "LambdaSQL.Core\LambdaSQL.Core.csproj", "{749C3368-32D8-4BD1-B831-85A70A39E060}"
EndProject
Project("{FAE04EC0-301F-11D3-BF4B-00C04F79EFBC}") = "LambdaSQL.Server", "LambdaSQL.Server\LambdaSQL.Server.csproj", "{9632B46B-99ED-4467-AE68-72F30D27585E}"
EndProject
Project("{FAE04EC0-301F-11D3-BF4B-00C04F79EFBC}") = "LambdaSQL.Client", "LambdaSQL.Client\LambdaSQL.Client.csproj", "{4ACCDC63-5FCC-4E44-BE9F-2028E2D4C97D}"
EndProject
Project("{FAE04EC0-301F-11D3-BF4B-00C04F79EFBC}") = "LambdaSQL.Cli", "LambdaSQL.Cli\LambdaSQL.Cli.csproj", "{F4700FA4-8A8D-48B2-88DC-C7257DE0B374}"
EndProject
Project("{FAE04EC0-301F-11D3-BF4B-00C04F79EFBC}") = "LambdaSQL.Web", "LambdaSQL.Web\LambdaSQL.Web.csproj", "{B8314E4E-763B-4932-BBF1-9390F27E8170}"
EndProject
Global
	GlobalSection(SolutionConfigurationPlatforms) = preSolution
		Debug|Any CPU = Debug|Any CPU
		Debug|x64 = Debug|x64
		Debug|x86 = Debug|x86
		Release|Any CPU = Release|Any CPU
		Release|x64 = Release|x64
		Release|x86 = Release|x86
	EndGlobalSection
	GlobalSection(ProjectConfigurationPlatforms) = postSolution
		{AEE91279-9301-4E95-AD3B-23E2B530B747}.Debug|Any CPU.ActiveCfg = Debug|Any CPU
		{AEE91279-9301-4E95-AD3B-23E2B530B747}.Debug|Any CPU.Build.0 = Debug|Any CPU
		{AEE91279-9301-4E95-AD3B-23E2B530B747}.Debug|x64.ActiveCfg = Debug|Any CPU
		{AEE91279-9301-4E95-AD3B-23E2B530B747}.Debug|x64.Build.0 = Debug|Any CPU
		{AEE91279-9301-4E95-AD3B-23E2B530B747}.Debug|x86.ActiveCfg = Debug|Any CPU
		{AEE91279-9301-4E95-AD3B-23E2B530B747}.Debug|x86.Build.0 = Debug|Any CPU
		{AEE91279-9301-4E95-AD3B-23E2B530B747}.Release|Any CPU.ActiveCfg = Release|Any CPU
		{AEE91279-9301-4E95-AD3B-23E2B530B747}.Release|Any CPU.Build.0 = Release|Any CPU
		{AEE91279-9301-4E95-AD3B-23E2B530B747}.Release|x64.ActiveCfg = Release|Any CPU
		{AEE91279-9301-4E95-AD3B-23E2B530B747}.Release|x64.Build.0 = Release|Any CPU
		{AEE91279-9301-4E95-AD3B-23E2B530B747}.Release|x86.ActiveCfg = Release|Any CPU
		{AEE91279-9301-4E95-AD3B-23E2B530B747}.Release|x86.Build.0 = Release|Any CPU
		{749C3368-32D8-4BD1-B831-85A70A39E060}.Debug|Any CPU.ActiveCfg = Debug|Any CPU
		{749C3368-32D8-4BD1-B831-85A70A39E060}.Debug|Any CPU.Build.0 = Debug|Any CPU
		{749C3368-32D8-4BD1-B831-85A70A39E060}.Debug|x64.ActiveCfg = Debug|Any CPU
		{749C3368-32D8-4BD1-B831-85A70A39E060}.Debug|x64.Build.0 = Debug|Any CPU
		{749C3368-32D8-4BD1-B831-85A70A39E060}.Debug|x86.ActiveCfg = Debug|Any CPU
		{749C3368-32D8-4BD1-B831-85A70A39E060}.Debug|x86.Build.0 = Debug|Any CPU
		{749C3368-32D8-4BD1-B831-85A70A39E060}.Release|Any CPU.ActiveCfg = Release|Any CPU
		{749C3368-32D8-4BD1-B831-85A70A39E060}.Release|Any CPU.Build.0 = Release|Any CPU
		{749C3368-32D8-4BD1-B831-85A70A39E060}.Release|x64.ActiveCfg = Release|Any CPU
		{749C3368-32D8-4BD1-B831-85A70A39E060}.Release|x64.Build.0 = Release|Any CPU
		{749C3368-32D8-4BD1-B831-85A70A39E060}.Release|x86.ActiveCfg = Release|Any CPU
		{749C3368-32D8-4BD1-B831-85A70A39E060}.Release|x86.Build.0 = Release|Any CPU
		{9632B46B-99ED-4467-AE68-72F30D27585E}.Debug|Any CPU.ActiveCfg = Debug|Any CPU
		{9632B46B-99ED-4467-AE68-72F30D27585E}.Debug|Any CPU.Build.0 = Debug|Any CPU
		{9632B46B-99ED-4467-AE68-72F30D27585E}.Debug|x64.ActiveCfg = Debug|Any CPU
		{9632B46B-99ED-4467-AE68-72F30D27585E}.Debug|x64.Build.0 = Debug|Any CPU
		{9632B46B-99ED-4467-AE68-72F30D27585E}.Debug|x86.ActiveCfg = Debug|Any CPU
		{9632B46B-99ED-4467-AE68-72F30D27585E}.Debug|x86.Build.0 = Debug|Any CPU
		{9632B46B-99ED-4467-AE68-72F30D27585E}.Release|Any CPU.ActiveCfg = Release|Any CPU
		{9632B46B-99ED-4467-AE68-72F30D27585E}.Release|Any CPU.Build.0 = Release|Any CPU
		{9632B46B-99ED-4467-AE68-72F30D27585E}.Release|x64.ActiveCfg = Release|Any CPU
		{9632B46B-99ED-4467-AE68-72F30D27585E}.Release|x64.Build.0 = Release|Any CPU
		{9632B46B-99ED-4467-AE68-72F30D27585E}.Release|x86.ActiveCfg = Release|Any CPU
		{9632B46B-99ED-4467-AE68-72F30D27585E}.Release|x86.Build.0 = Release|Any CPU
		{4ACCDC63-5FCC-4E44-BE9F-2028E2D4C97D}.Debug|Any CPU.ActiveCfg = Debug|Any CPU
		{4ACCDC63-5FCC-4E44-BE9F-2028E2D4C97D}.Debug|Any CPU.Build.0 = Debug|Any CPU
		{4ACCDC63-5FCC-4E44-BE9F-2028E2D4C97D}.Debug|x64.ActiveCfg = Debug|Any CPU
		{4ACCDC63-5FCC-4E44-BE9F-2028E2D4C97D}.Debug|x64.Build.0 = Debug|Any CPU
		{4ACCDC63-5FCC-4E44-BE9F-2028E2D4C97D}.Debug|x86.ActiveCfg = Debug|Any CPU
		{4ACCDC63-5FCC-4E44-BE9F-2028E2D4C97D}.Debug|x86.Build.0 = Debug|Any CPU
		{4ACCDC63-5FCC-4E44-BE9F-2028E2D4C97D}.Release|Any CPU.ActiveCfg = Release|Any CPU
		{4ACCDC63-5FCC-4E44-BE9F-2028E2D4C97D}.Release|Any CPU.Build.0 = Release|Any CPU
		{4ACCDC63-5FCC-4E44-BE9F-2028E2D4C97D}.Release|x64.ActiveCfg = Release|Any CPU
		{4ACCDC63-5FCC-4E44-BE9F-2028E2D4C97D}.Release|x64.Build.0 = Release|Any CPU
		{4ACCDC63-5FCC-4E44-BE9F-2028E2D4C97D}.Release|x86.ActiveCfg = Release|Any CPU
		{4ACCDC63-5FCC-4E44-BE9F-2028E2D4C97D}.Release|x86.Build.0 = Release|Any CPU
		{F4700FA4-8A8D-48B2-88DC-C7257DE0B374}.Debug|Any CPU.ActiveCfg = Debug|Any CPU
		{F4700FA4-8A8D-48B2-88DC-C7257DE0B374}.Debug|Any CPU.Build.0 = Debug|Any CPU
		{F4700FA4-8A8D-48B2-88DC-C7257DE0B374}.Debug|x64.ActiveCfg = Debug|Any CPU
		{F4700FA4-8A8D-48B2-88DC-C7257DE0B374}.Debug|x64.Build.0 = Debug|Any CPU
		{F4700FA4-8A8D-48B2-88DC-C7257DE0B374}.Debug|x86.ActiveCfg = Debug|Any CPU
		{F4700FA4-8A8D-48B2-88DC-C7257DE0B374}.Debug|x86.Build.0 = Debug|Any CPU
		{F4700FA4-8A8D-48B2-88DC-C7257DE0B374}.Release|Any CPU.ActiveCfg = Release|Any CPU
		{F4700FA4-8A8D-48B2-88DC-C7257DE0B374}.Release|Any CPU.Build.0 = Release|Any CPU
		{F4700FA4-8A8D-48B2-88DC-C7257DE0B374}.Release|x64.ActiveCfg = Release|Any CPU
		{F4700FA4-8A8D-48B2-88DC-C7257DE0B374}.Release|x64.Build.0 = Release|Any CPU
		{F4700FA4-8A8D-48B2-88DC-C7257DE0B374}.Release|x86.ActiveCfg = Release|Any CPU
		{F4700FA4-8A8D-48B2-88DC-C7257DE0B374}.Release|x86.Build.0 = Release|Any CPU
		{B8314E4E-763B-4932-BBF1-9390F27E8170}.Debug|Any CPU.ActiveCfg = Debug|Any CPU
		{B8314E4E-763B-4932-BBF1-9390F27E8170}.Debug|Any CPU.Build.0 = Debug|Any CPU
		{B8314E4E-763B-4932-BBF1-9390F27E8170}.Debug|x64.ActiveCfg = Debug|Any CPU
		{B8314E4E-763B-4932-BBF1-9390F27E8170}.Debug|x64.Build.0 = Debug|Any CPU
		{B8314E4E-763B-4932-BBF1-9390F27E8170}.Debug|x86.ActiveCfg = Debug|Any CPU
		{B8314E4E-763B-4932-BBF1-9390F27E8170}.Debug|x86.Build.0 = Debug|Any CPU
		{B8314E4E-763B-4932-BBF1-9390F27E8170}.Release|Any CPU.ActiveCfg = Release|Any CPU
		{B8314E4E-763B-4932-BBF1-9390F27E8170}.Release|Any CPU.Build.0 = Release|Any CPU
		{B8314E4E-763B-4932-BBF1-9390F27E8170}.Release|x64.ActiveCfg = Release|Any CPU
		{B8314E4E-763B-4932-BBF1-9390F27E8170}.Release|x64.Build.0 = Release|Any CPU
		{B8314E4E-763B-4932-BBF1-9390F27E8170}.Release|x86.ActiveCfg = Release|Any CPU
		{B8314E4E-763B-4932-BBF1-9390F27E8170}.Release|x86.Build.0 = Release|Any CPU
	EndGlobalSection
	GlobalSection(SolutionProperties) = preSolution
		HideSolutionNode = FALSE
	EndGlobalSection
EndGlobal
