
Microsoft Visual Studio Solution File, Format Version 12.00
Project("{FAE04EC0-301F-11D3-BF4B-00C04F79EFBC}") = "LambdaSQL", "LambdaSQL\LambdaSQL.csproj", "{AEE91279-9301-4E95-AD3B-23E2B530B747}"
EndProject
Global
	GlobalSection(SolutionConfigurationPlatforms) = preSolution
		Debug|Any CPU = Debug|Any CPU
		Release|Any CPU = Release|Any CPU
	EndGlobalSection
	GlobalSection(ProjectConfigurationPlatforms) = postSolution
		{AEE91279-9301-4E95-AD3B-23E2B530B747}.Debug|Any CPU.ActiveCfg = Debug|Any CPU
		{AEE91279-9301-4E95-AD3B-23E2B530B747}.Debug|Any CPU.Build.0 = Debug|Any CPU
		{AEE91279-9301-4E95-AD3B-23E2B530B747}.Release|Any CPU.ActiveCfg = Release|Any CPU
		{AEE91279-9301-4E95-AD3B-23E2B530B747}.Release|Any CPU.Build.0 = Release|Any CPU
	EndGlobalSection
EndGlobal
